
Microsoft Visual Studio Solution File, Format Version 12.00
Project("{FAE04EC0-301F-11D3-BF4B-00C04F79EFBC}") = "IconCreator", "IconCreator\IconCreator.csproj", "{C345E46A-6E90-4C37-AF08-E263298EEB8A}"
EndProject
Project("{2150E333-8FDC-42A3-9474-1A3956D46DE8}") = "_", "_", "{A526775C-8B16-46BA-A956-33E5C0B5B885}"
	ProjectSection(SolutionItems) = preProject
		.gitignore = .gitignore
		README.md = README.md
		Build.sh = Build.sh
		.gitmodules = .gitmodules
	EndProjectSection
EndProject
Project("{2150E333-8FDC-42A3-9474-1A3956D46DE8}") = "Libs", "Libs", "{6A6C5BD5-70A1-4D3A-A168-E47A92F855AC}"
EndProject
Project("{FAE04EC0-301F-11D3-BF4B-00C04F79EFBC}") = "OpenView", "OpenView\OpenView\OpenView.csproj", "{91F4730B-D932-4F6B-8EB7-03B236C6C34E}"
EndProject
Project("{FAE04EC0-301F-11D3-BF4B-00C04F79EFBC}") = "OpenView.Desktop", "OpenView\OpenView.Desktop\OpenView.Desktop.csproj", "{09BDB9BC-644F-42D5-BF06-E22D28F4C06D}"
EndProject
Project("{FAE04EC0-301F-11D3-BF4B-00C04F79EFBC}") = "OpenView.Generators", "OpenView\OpenView.Generators\OpenView.Generators.csproj", "{E48F063E-81CE-446D-8CC5-25A84D5D9EE3}"
EndProject
Global
	GlobalSection(SolutionConfigurationPlatforms) = preSolution
		Debug|Any CPU = Debug|Any CPU
		Release|Any CPU = Release|Any CPU
	EndGlobalSection
	GlobalSection(ProjectConfigurationPlatforms) = postSolution
		{C345E46A-6E90-4C37-AF08-E263298EEB8A}.Debug|Any CPU.ActiveCfg = Debug|Any CPU
		{C345E46A-6E90-4C37-AF08-E263298EEB8A}.Debug|Any CPU.Build.0 = Debug|Any CPU
		{C345E46A-6E90-4C37-AF08-E263298EEB8A}.Release|Any CPU.ActiveCfg = Release|Any CPU
		{C345E46A-6E90-4C37-AF08-E263298EEB8A}.Release|Any CPU.Build.0 = Release|Any CPU
		{91F4730B-D932-4F6B-8EB7-03B236C6C34E}.Debug|Any CPU.ActiveCfg = Debug|Any CPU
		{91F4730B-D932-4F6B-8EB7-03B236C6C34E}.Debug|Any CPU.Build.0 = Debug|Any CPU
		{91F4730B-D932-4F6B-8EB7-03B236C6C34E}.Release|Any CPU.ActiveCfg = Release|Any CPU
		{91F4730B-D932-4F6B-8EB7-03B236C6C34E}.Release|Any CPU.Build.0 = Release|Any CPU
		{09BDB9BC-644F-42D5-BF06-E22D28F4C06D}.Debug|Any CPU.ActiveCfg = Debug|Any CPU
		{09BDB9BC-644F-42D5-BF06-E22D28F4C06D}.Debug|Any CPU.Build.0 = Debug|Any CPU
		{09BDB9BC-644F-42D5-BF06-E22D28F4C06D}.Release|Any CPU.ActiveCfg = Release|Any CPU
		{09BDB9BC-644F-42D5-BF06-E22D28F4C06D}.Release|Any CPU.Build.0 = Release|Any CPU
		{E48F063E-81CE-446D-8CC5-25A84D5D9EE3}.Debug|Any CPU.ActiveCfg = Debug|Any CPU
		{E48F063E-81CE-446D-8CC5-25A84D5D9EE3}.Debug|Any CPU.Build.0 = Debug|Any CPU
		{E48F063E-81CE-446D-8CC5-25A84D5D9EE3}.Release|Any CPU.ActiveCfg = Release|Any CPU
		{E48F063E-81CE-446D-8CC5-25A84D5D9EE3}.Release|Any CPU.Build.0 = Release|Any CPU
	EndGlobalSection
	GlobalSection(NestedProjects) = preSolution
		{91F4730B-D932-4F6B-8EB7-03B236C6C34E} = {6A6C5BD5-70A1-4D3A-A168-E47A92F855AC}
		{09BDB9BC-644F-42D5-BF06-E22D28F4C06D} = {6A6C5BD5-70A1-4D3A-A168-E47A92F855AC}
		{E48F063E-81CE-446D-8CC5-25A84D5D9EE3} = {6A6C5BD5-70A1-4D3A-A168-E47A92F855AC}
	EndGlobalSection
EndGlobal
